PODS:
  - Flutter (1.0.0)
  - path_provider_foundation (0.0.1):
    - Flutter
    - FlutterMacOS
  - share_plus (0.0.1):
    - Flutter
  - shared_preferences_foundation (0.0.1):
    - Flutter
    - FlutterMacOS
  - sqlite3 (3.39.4):
    - sqlite3/common (= 3.39.4)
  - sqlite3/common (3.39.4)
  - sqlite3/fts5 (3.39.4):
    - sqlite3/common
  - sqlite3/json1 (3.39.4):
    - sqlite3/common
  - sqlite3/rtree (3.39.4):
    - sqlite3/common

DEPENDENCIES:
  - Flutter (from `Flutter`)
  - path_provider_foundation (from `.symlinks/plugins/path_provider_foundation/darwin`)
  - share_plus (from `.symlinks/plugins/share_plus/ios`)
  - shared_preferences_foundation (from `.symlinks/plugins/shared_preferences_foundation/darwin`)
  - sqlite3 (~> 3.39.3)
  - sqlite3/fts5
  - sqlite3/json1
  - sqlite3/rtree

SPEC REPOS:
  trunk:
    - sqlite3

EXTERNAL SOURCES:
  Flutter:
    :path: Flutter
  path_provider_foundation:
    :path: ".symlinks/plugins/path_provider_foundation/darwin"
  share_plus:
    :path: ".symlinks/plugins/share_plus/ios"
  shared_preferences_foundation:
    :path: ".symlinks/plugins/shared_preferences_foundation/darwin"

SPEC CHECKSUMS:
  Flutter: cabc95a1d2626b1b06e7179b784ebcf0c0cde467
  path_provider_foundation: 2b6b4c569c0fb62ec74538f866245ac84301af46
  share_plus: c3fef564749587fc939ef86ffb283ceac0baf9f5
  shared_preferences_foundation: fcdcbc04712aee1108ac7fda236f363274528f78
  sqlite3: 401936402fe5aa242c07f87fccfee5fc2b606f45

PODFILE CHECKSUM: 34ea654ff9f3b30f8460c4cb33e94917820f5bd9

COCOAPODS: 1.16.2
